// !$*UTF8*$!
{
	archiveVersion = 1;
	classes = {
	};
	objectVersion = 56;
	objects = {

/* Begin PBXBuildFile section */
		A10000010000000000000001 /* AstraMobileApp.swift in Sources */ = {isa = PBXBuildFile; fileRef = A20000010000000000000001 /* AstraMobileApp.swift */; };
		A10000010000000000000002 /* Models.swift in Sources */ = {isa = PBXBuildFile; fileRef = A20000010000000000000002 /* Models.swift */; };
		A10000010000000000000003 /* APIClient.swift in Sources */ = {isa = PBXBuildFile; fileRef = A20000010000000000000003 /* APIClient.swift */; };
		A10000010000000000000004 /* SessionStore.swift in Sources */ = {isa = PBXBuildFile; fileRef = A20000010000000000000004 /* SessionStore.swift */; };
		A10000010000000000000005 /* Theme.swift in Sources */ = {isa = PBXBuildFile; fileRef = A20000010000000000000005 /* Theme.swift */; };
		A10000010000000000000006 /* ContentView.swift in Sources */ = {isa = PBXBuildFile; fileRef = A20000010000000000000006 /* ContentView.swift */; };
		A10000010000000000000009 /* MobileExperience.swift in Sources */ = {isa = PBXBuildFile; fileRef = A20000010000000000000009 /* MobileExperience.swift */; };
/* End PBXBuildFile section */

/* Begin PBXFileReference section */
		A20000010000000000000001 /* AstraMobileApp.swift */ = {isa = PBXFileReference; fileEncoding = 4; lastKnownFileType = sourcecode.swift; path = AstraMobileApp.swift; sourceTree = "<group>"; };
		A20000010000000000000002 /* Models.swift */ = {isa = PBXFileReference; fileEncoding = 4; lastKnownFileType = sourcecode.swift; path = Models.swift; sourceTree = "<group>"; };
		A20000010000000000000003 /* APIClient.swift */ = {isa = PBXFileReference; fileEncoding = 4; lastKnownFileType = sourcecode.swift; path = APIClient.swift; sourceTree = "<group>"; };
		A20000010000000000000004 /* SessionStore.swift */ = {isa = PBXFileReference; fileEncoding = 4; lastKnownFileType = sourcecode.swift; path = SessionStore.swift; sourceTree = "<group>"; };
		A20000010000000000000005 /* Theme.swift */ = {isa = PBXFileReference; fileEncoding = 4; lastKnownFileType = sourcecode.swift; path = Theme.swift; sourceTree = "<group>"; };
		A20000010000000000000006 /* ContentView.swift */ = {isa = PBXFileReference; fileEncoding = 4; lastKnownFileType = sourcecode.swift; path = ContentView.swift; sourceTree = "<group>"; };
		A20000010000000000000007 /* Info.plist */ = {isa = PBXFileReference; fileEncoding = 4; lastKnownFileType = text.plist.xml; path = Info.plist; sourceTree = "<group>"; };
		A20000010000000000000008 /* AstraMobile.app */ = {isa = PBXFileReference; explicitFileType = wrapper.application; includeInIndex = 0; path = AstraMobile.app; sourceTree = BUILT_PRODUCTS_DIR; };
		A20000010000000000000009 /* MobileExperience.swift */ = {isa = PBXFileReference; fileEncoding = 4; lastKnownFileType = sourcecode.swift; path = MobileExperience.swift; sourceTree = "<group>"; };
/* End PBXFileReference section */

/* Begin PBXFrameworksBuildPhase section */
		A30000010000000000000001 /* Frameworks */ = {isa = PBXFrameworksBuildPhase; buildActionMask = 2147483647; files = (
		); runOnlyForDeploymentPostprocessing = 0; };
/* End PBXFrameworksBuildPhase section */

/* Begin PBXGroup section */
		A40000010000000000000001 = {
			isa = PBXGroup;
			children = (
				A40000010000000000000002 /* AstraMobile */,
				A40000010000000000000003 /* Products */,
			);
			sourceTree = "<group>";
		};
		A40000010000000000000002 /* AstraMobile */ = {
			isa = PBXGroup;
			children = (
				A20000010000000000000001 /* AstraMobileApp.swift */,
				A20000010000000000000002 /* Models.swift */,
				A20000010000000000000003 /* APIClient.swift */,
				A20000010000000000000004 /* SessionStore.swift */,
				A20000010000000000000005 /* Theme.swift */,
				A20000010000000000000006 /* ContentView.swift */,
				A20000010000000000000009 /* MobileExperience.swift */,
				A20000010000000000000007 /* Info.plist */,
			);
			path = AstraMobile;
			sourceTree = "<group>";
		};
		A40000010000000000000003 /* Products */ = {
			isa = PBXGroup;
			children = (
				A20000010000000000000008 /* AstraMobile.app */,
			);
			name = Products;
			sourceTree = "<group>";
		};
/* End PBXGroup section */

/* Begin PBXNativeTarget section */
		A50000010000000000000001 /* AstraMobile */ = {
			isa = PBXNativeTarget;
			buildConfigurationList = A60000010000000000000002 /* Build configuration list for PBXNativeTarget "AstraMobile" */;
			buildPhases = (
				A30000010000000000000002 /* Sources */,
				A30000010000000000000003 /* Resources */,
				A30000010000000000000001 /* Frameworks */,
			);
			buildRules = (
			);
			dependencies = (
			);
			name = AstraMobile;
			productName = AstraMobile;
			productReference = A20000010000000000000008 /* AstraMobile.app */;
			productType = "com.apple.product-type.application";
		};
/* End PBXNativeTarget section */

/* Begin PBXProject section */
		A70000010000000000000001 /* Project object */ = {
			isa = PBXProject;
			attributes = { LastUpgradeCheck = 1600; TargetAttributes = { A50000010000000000000001 = { CreatedOnToolsVersion = 16.0; }; }; };
			buildConfigurationList = A60000010000000000000001 /* Build configuration list for PBXProject "AstraMobile" */;
			compatibilityVersion = "Xcode 15.0";
			developmentRegion = en;
			hasScannedForEncodings = 0;
			knownRegions = ( en, Base, );
			mainGroup = A40000010000000000000001;
			productRefGroup = A40000010000000000000003 /* Products */;
			projectDirPath = "";
			projectRoot = "";
			targets = ( A50000010000000000000001 /* AstraMobile */ );
		};
/* End PBXProject section */

/* Begin PBXResourcesBuildPhase section */
		A30000010000000000000003 /* Resources */ = {isa = PBXResourcesBuildPhase; buildActionMask = 2147483647; files = ( ); runOnlyForDeploymentPostprocessing = 0; };
/* End PBXResourcesBuildPhase section */

/* Begin PBXSourcesBuildPhase section */
		A30000010000000000000002 /* Sources */ = {isa = PBXSourcesBuildPhase; buildActionMask = 2147483647; files = (
			A10000010000000000000001 /* AstraMobileApp.swift in Sources */,
			A10000010000000000000002 /* Models.swift in Sources */,
			A10000010000000000000003 /* APIClient.swift in Sources */,
			A10000010000000000000004 /* SessionStore.swift in Sources */,
			A10000010000000000000005 /* Theme.swift in Sources */,
			A10000010000000000000006 /* ContentView.swift in Sources */,
			A10000010000000000000009 /* MobileExperience.swift in Sources */,
		); runOnlyForDeploymentPostprocessing = 0; };
/* End PBXSourcesBuildPhase section */

/* Begin XCBuildConfiguration section */
		A80000010000000000000001 /* Debug */ = {isa = XCBuildConfiguration; buildSettings = { ALWAYS_SEARCH_USER_PATHS = NO; CLANG_ENABLE_MODULES = YES; CODE_SIGN_STYLE = Automatic; CURRENT_PROJECT_VERSION = 1; DEVELOPMENT_TEAM = ""; INFOPLIST_FILE = AstraMobile/Info.plist; IPHONEOS_DEPLOYMENT_TARGET = 17.0; PRODUCT_BUNDLE_IDENTIFIER = com.astra.nutrition; PRODUCT_NAME = "$(TARGET_NAME)"; SWIFT_EMIT_LOC_STRINGS = YES; SWIFT_VERSION = 5.0; TARGETED_DEVICE_FAMILY = "1,2"; }; name = Debug; };
		A80000010000000000000002 /* Release */ = {isa = XCBuildConfiguration; buildSettings = { ALWAYS_SEARCH_USER_PATHS = NO; CLANG_ENABLE_MODULES = YES; CODE_SIGN_STYLE = Automatic; CURRENT_PROJECT_VERSION = 1; DEVELOPMENT_TEAM = ""; INFOPLIST_FILE = AstraMobile/Info.plist; IPHONEOS_DEPLOYMENT_TARGET = 17.0; PRODUCT_BUNDLE_IDENTIFIER = com.astra.nutrition; PRODUCT_NAME = "$(TARGET_NAME)"; SWIFT_EMIT_LOC_STRINGS = YES; SWIFT_VERSION = 5.0; TARGETED_DEVICE_FAMILY = "1,2"; }; name = Release; };
		A80000010000000000000003 /* Debug target */ = {isa = XCBuildConfiguration; buildSettings = { INFOPLIST_FILE = AstraMobile/Info.plist; PRODUCT_BUNDLE_IDENTIFIER = com.astra.nutrition; SWIFT_VERSION = 5.0; }; name = Debug; };
		A80000010000000000000004 /* Release target */ = {isa = XCBuildConfiguration; buildSettings = { INFOPLIST_FILE = AstraMobile/Info.plist; PRODUCT_BUNDLE_IDENTIFIER = com.astra.nutrition; SWIFT_VERSION = 5.0; }; name = Release; };
/* End XCBuildConfiguration section */

/* Begin XCConfigurationList section */
		A60000010000000000000001 /* Build configuration list for PBXProject "AstraMobile" */ = {isa = XCConfigurationList; buildConfigurations = ( A80000010000000000000001 /* Debug */, A80000010000000000000002 /* Release */ ); defaultConfigurationIsVisible = 0; defaultConfigurationName = Release; };
		A60000010000000000000002 /* Build configuration list for PBXNativeTarget "AstraMobile" */ = {isa = XCConfigurationList; buildConfigurations = ( A80000010000000000000003 /* Debug target */, A80000010000000000000004 /* Release target */ ); defaultConfigurationIsVisible = 0; defaultConfigurationName = Release; };
/* End XCConfigurationList section */
	};
	rootObject = A70000010000000000000001 /* Project object */;
}
